// !$*UTF8*$!
{
	archiveVersion = 1;
	classes = {
	};
	objectVersion = 56;
	objects = {

/* Begin PBXBuildFile section */
		570058942A879B4300321ACB /* NowPlayingStyleBodyStackView.swift in Sources */ = {isa = PBXBuildFile; fileRef = 570058932A879B4300321ACB /* NowPlayingStyleBodyStackView.swift */; };
		5704FC972A93575A00233066 /* mainMenuIndexShaker.swift in Sources */ = {isa = PBXBuildFile; fileRef = 5704FC962A93575A00233066 /* mainMenuIndexShaker.swift */; };
		570863C12A8A1F4C00B575BB /* MPVolumeView+.swift in Sources */ = {isa = PBXBuildFile; fileRef = 570863C02A8A1F4C00B575BB /* MPVolumeView+.swift */; };
		570863C52A8A328200B575BB /* NowPlayingTransitionState.swift in Sources */ = {isa = PBXBuildFile; fileRef = 570863C42A8A328200B575BB /* NowPlayingTransitionState.swift */; };
		570863CA2A8A9D3700B575BB /* NowPlayingUpperView.swift in Sources */ = {isa = PBXBuildFile; fileRef = 570863C92A8A9D3700B575BB /* NowPlayingUpperView.swift */; };
		570863CC2A8A9DC000B575BB /* NowPlayingLowerTimeBarView.swift in Sources */ = {isa = PBXBuildFile; fileRef = 570863CB2A8A9DC000B575BB /* NowPlayingLowerTimeBarView.swift */; };
		570863CE2A8A9DDC00B575BB /* NowPlayingFullArtworkBodyView.swift in Sources */ = {isa = PBXBuildFile; fileRef = 570863CD2A8A9DDC00B575BB /* NowPlayingFullArtworkBodyView.swift */; };
		5717C9B52A61A58A007156BA /* PodObservable.swift in Sources */ = {isa = PBXBuildFile; fileRef = 5717C9B42A61A58A007156BA /* PodObservable.swift */; };
		5717C9B82A61ADAE007156BA /* RowActionStyle.swift in Sources */ = {isa = PBXBuildFile; fileRef = 5717C9B72A61ADAE007156BA /* RowActionStyle.swift */; };
		5719F5D72A6D6F6300CC8886 /* RowView.swift in Sources */ = {isa = PBXBuildFile; fileRef = 5719F5D62A6D6F6300CC8886 /* RowView.swift */; };
		5719F5DA2A6D753100CC8886 /* Color+.swift in Sources */ = {isa = PBXBuildFile; fileRef = 5719F5D92A6D753100CC8886 /* Color+.swift */; };
		5726AC1E2A7B7A6D00129FAD /* DiscreteScrollBarView.swift in Sources */ = {isa = PBXBuildFile; fileRef = 5726AC1D2A7B7A6D00129FAD /* DiscreteScrollBarView.swift */; };
		575360862A91EBFF00645004 /* HeaderBatteryFullSymbolView.swift in Sources */ = {isa = PBXBuildFile; fileRef = 575360852A91EBFF00645004 /* HeaderBatteryFullSymbolView.swift */; };
		57557D3C2A468D5700270F60 /* dist.swift in Sources */ = {isa = PBXBuildFile; fileRef = 57557D3B2A468D5700270F60 /* dist.swift */; };
		57557D3E2A469EC200270F60 /* angle.swift in Sources */ = {isa = PBXBuildFile; fileRef = 57557D3D2A469EC200270F60 /* angle.swift */; };
		575732872A745A3D00AD5AC4 /* RowHandlingPropertyKey.swift in Sources */ = {isa = PBXBuildFile; fileRef = 575732862A745A3D00AD5AC4 /* RowHandlingPropertyKey.swift */; };
		575732892A745FB100AD5AC4 /* PlayingState.swift in Sources */ = {isa = PBXBuildFile; fileRef = 575732882A745FB100AD5AC4 /* PlayingState.swift */; };
		576A61A92AA31F3200A10A0B /* VibeHandler.swift in Sources */ = {isa = PBXBuildFile; fileRef = 576A61A82AA31F3200A10A0B /* VibeHandler.swift */; };
		576A61AD2AA34C3000A10A0B /* StatusModel.swift in Sources */ = {isa = PBXBuildFile; fileRef = 576A61AC2AA34C3000A10A0B /* StatusModel.swift */; };
		576A61B12AA4B45800A10A0B /* PodObservable+(Transition).swift in Sources */ = {isa = PBXBuildFile; fileRef = 576A61B02AA4B45800A10A0B /* PodObservable+(Transition).swift */; };
		576A61B32AA4B52100A10A0B /* PodObservable+(Timer).swift in Sources */ = {isa = PBXBuildFile; fileRef = 576A61B22AA4B52100A10A0B /* PodObservable+(Timer).swift */; };
		576A61B52AA4B58800A10A0B /* PodObservable+(Gesture).swift in Sources */ = {isa = PBXBuildFile; fileRef = 576A61B42AA4B58800A10A0B /* PodObservable+(Gesture).swift */; };
		576A61B72AA4B71F00A10A0B /* PodObservable+(Volume).swift in Sources */ = {isa = PBXBuildFile; fileRef = 576A61B62AA4B71F00A10A0B /* PodObservable+(Volume).swift */; };
		576A61B92AA4B78200A10A0B /* PodObservable+(PageData).swift in Sources */ = {isa = PBXBuildFile; fileRef = 576A61B82AA4B78200A10A0B /* PodObservable+(PageData).swift */; };
		5774BC642AAD49F2006747EE /* VideoLoadingState.swift in Sources */ = {isa = PBXBuildFile; fileRef = 5774BC632AAD49F2006747EE /* VideoLoadingState.swift */; };
		5781F3592A430DF8004C5B21 /* GestureView.swift in Sources */ = {isa = PBXBuildFile; fileRef = 5781F3582A430DF8004C5B21 /* GestureView.swift */; };
		57867D962A3CC2F100129450 /* iPodSwiftUIApp.swift in Sources */ = {isa = PBXBuildFile; fileRef = 57867D952A3CC2F100129450 /* iPodSwiftUIApp.swift */; };
		57867D982A3CC2F100129450 /* DeviceView.swift in Sources */ = {isa = PBXBuildFile; fileRef = 57867D972A3CC2F100129450 /* DeviceView.swift */; };
		57867D9A2A3CC2F200129450 /* Assets.xcassets in Resources */ = {isa = PBXBuildFile; fileRef = 57867D992A3CC2F200129450 /* Assets.xcassets */; };
		57867D9D2A3CC2F200129450 /* Preview Assets.xcassets in Resources */ = {isa = PBXBuildFile; fileRef = 57867D9C2A3CC2F200129450 /* Preview Assets.xcassets */; };
		57867DA52A3CC7D500129450 /* DesignSystem.swift in Sources */ = {isa = PBXBuildFile; fileRef = 57867DA42A3CC7D500129450 /* DesignSystem.swift */; };
		57867DA82A3CCBF600129450 /* ScreenView.swift in Sources */ = {isa = PBXBuildFile; fileRef = 57867DA72A3CCBF600129450 /* ScreenView.swift */; };
		57867DAA2A3CCC0200129450 /* WheelView.swift in Sources */ = {isa = PBXBuildFile; fileRef = 57867DA92A3CCC0200129450 /* WheelView.swift */; };
		57867DAF2A3F1C9E00129450 /* HeaderView.swift in Sources */ = {isa = PBXBuildFile; fileRef = 57867DAE2A3F1C9E00129450 /* HeaderView.swift */; };
		57867DB72A3F2BC600129450 /* PageBodyStyle.swift in Sources */ = {isa = PBXBuildFile; fileRef = 57867DB62A3F2BC600129450 /* PageBodyStyle.swift */; };
		578908642AA0274B002B7CED /* TextStyleBodyView.swift in Sources */ = {isa = PBXBuildFile; fileRef = 578908632AA0274B002B7CED /* TextStyleBodyView.swift */; };
		578908662AA0757D002B7CED /* View+.swift in Sources */ = {isa = PBXBuildFile; fileRef = 578908652AA0757D002B7CED /* View+.swift */; };
		578908682AA075B5002B7CED /* SizePreferenceKey.swift in Sources */ = {isa = PBXBuildFile; fileRef = 578908672AA075B5002B7CED /* SizePreferenceKey.swift */; };
		5789086C2AA0D918002B7CED /* LibraryUpdateSymbolState.swift in Sources */ = {isa = PBXBuildFile; fileRef = 5789086B2AA0D918002B7CED /* LibraryUpdateSymbolState.swift */; };
		578908772AA0F889002B7CED /* ListStyleBodyView_ghost.swift in Sources */ = {isa = PBXBuildFile; fileRef = 578908762AA0F889002B7CED /* ListStyleBodyView_ghost.swift */; };
		578908792AA0F8D6002B7CED /* RowView_ghost.swift in Sources */ = {isa = PBXBuildFile; fileRef = 578908782AA0F8D6002B7CED /* RowView_ghost.swift */; };
		579D509B2A90930500248D22 /* NowPlayingLowerVolumeBarView.swift in Sources */ = {isa = PBXBuildFile; fileRef = 579D509A2A90930500248D22 /* NowPlayingLowerVolumeBarView.swift */; };
		579D509D2A90A23B00248D22 /* NowPlayingLowerSeekBarView.swift in Sources */ = {isa = PBXBuildFile; fileRef = 579D509C2A90A23B00248D22 /* NowPlayingLowerSeekBarView.swift */; };
		579D509F2A90A33C00248D22 /* SeekRhombusView.swift in Sources */ = {isa = PBXBuildFile; fileRef = 579D509E2A90A33C00248D22 /* SeekRhombusView.swift */; };
		579D50A12A90A62800248D22 /* SeekBarView.swift in Sources */ = {isa = PBXBuildFile; fileRef = 579D50A02A90A62800248D22 /* SeekBarView.swift */; };
		579D50A32A90B8FB00248D22 /* NowPlayingComplexBodyView.swift in Sources */ = {isa = PBXBuildFile; fileRef = 579D50A22A90B8FB00248D22 /* NowPlayingComplexBodyView.swift */; };
		579E2FBE2AA5AD27001BF603 /* sortRule.swift in Sources */ = {isa = PBXBuildFile; fileRef = 579E2FBD2AA5AD27001BF603 /* sortRule.swift */; };
		579E2FC02AA5B21E001BF603 /* VideoStyleBodyStackView.swift in Sources */ = {isa = PBXBuildFile; fileRef = 579E2FBF2AA5B21E001BF603 /* VideoStyleBodyStackView.swift */; };
		579E2FC22AA5CD66001BF603 /* VideoHandler.swift in Sources */ = {isa = PBXBuildFile; fileRef = 579E2FC12AA5CD66001BF603 /* VideoHandler.swift */; };
		579E2FC42AA5D964001BF603 /* PHAsset+.swift in Sources */ = {isa = PBXBuildFile; fileRef = 579E2FC32AA5D964001BF603 /* PHAsset+.swift */; };
		579E2FC62AA60EFA001BF603 /* VideoControlState.swift in Sources */ = {isa = PBXBuildFile; fileRef = 579E2FC52AA60EFA001BF603 /* VideoControlState.swift */; };
		579E2FC82AA62BE1001BF603 /* VideoRealPlayingState.swift in Sources */ = {isa = PBXBuildFile; fileRef = 579E2FC72AA62BE1001BF603 /* VideoRealPlayingState.swift */; };
		579E2FCA2AA71220001BF603 /* NowPlayingVideoStyleView.swift in Sources */ = {isa = PBXBuildFile; fileRef = 579E2FC92AA71220001BF603 /* NowPlayingVideoStyleView.swift */; };
		579E2FCD2AA71EEF001BF603 /* VideoPlayingSymbolView.swift in Sources */ = {isa = PBXBuildFile; fileRef = 579E2FCC2AA71EEF001BF603 /* VideoPlayingSymbolView.swift */; };
		579E2FCF2AA71F0B001BF603 /* VideoPausedSymbolView.swift in Sources */ = {isa = PBXBuildFile; fileRef = 579E2FCE2AA71F0B001BF603 /* VideoPausedSymbolView.swift */; };
		579E2FD12AA71F19001BF603 /* VideoBatterySymbolView.swift in Sources */ = {isa = PBXBuildFile; fileRef = 579E2FD02AA71F19001BF603 /* VideoBatterySymbolView.swift */; };
		579E2FD32AA71F70001BF603 /* VideoVolumeBarView.swift in Sources */ = {isa = PBXBuildFile; fileRef = 579E2FD22AA71F70001BF603 /* VideoVolumeBarView.swift */; };
		579E2FD52AA71FBC001BF603 /* VideoSeekBarView.swift in Sources */ = {isa = PBXBuildFile; fileRef = 579E2FD42AA71FBC001BF603 /* VideoSeekBarView.swift */; };
		579E2FD72AA8D39B001BF603 /* TestView.swift in Sources */ = {isa = PBXBuildFile; fileRef = 579E2FD62AA8D39B001BF603 /* TestView.swift */; };
		579E2FD92AA9522D001BF603 /* VideoZoomMode.swift in Sources */ = {isa = PBXBuildFile; fileRef = 579E2FD82AA9522D001BF603 /* VideoZoomMode.swift */; };
		579E2FDB2AA952DB001BF603 /* VideoAutoplayMode.swift in Sources */ = {isa = PBXBuildFile; fileRef = 579E2FDA2AA952DB001BF603 /* VideoAutoplayMode.swift */; };
		57A746312A7E42E2007BD76D /* MusicHandler.swift in Sources */ = {isa = PBXBuildFile; fileRef = 57A746302A7E42E2007BD76D /* MusicHandler.swift */; };
		57C65E292A8A0BCB0048F149 /* getTimeString.swift in Sources */ = {isa = PBXBuildFile; fileRef = 57C65E282A8A0BCB0048F149 /* getTimeString.swift */; };
		57C856EA2A91A93B0036F371 /* BatteryState.swift in Sources */ = {isa = PBXBuildFile; fileRef = 57C856E92A91A93B0036F371 /* BatteryState.swift */; };
		57C856EC2A91BB730036F371 /* HeaderPlayingSymbolView.swift in Sources */ = {isa = PBXBuildFile; fileRef = 57C856EB2A91BB730036F371 /* HeaderPlayingSymbolView.swift */; };
		57C856EE2A91BB810036F371 /* HeaderPausedSymbolView.swift in Sources */ = {isa = PBXBuildFile; fileRef = 57C856ED2A91BB810036F371 /* HeaderPausedSymbolView.swift */; };
		57C856F02A91BBCD0036F371 /* HeaderSeekingForwardSymbolView.swift in Sources */ = {isa = PBXBuildFile; fileRef = 57C856EF2A91BBCD0036F371 /* HeaderSeekingForwardSymbolView.swift */; };
		57C856F22A91BBDE0036F371 /* HeaderSeekingBackwardSymbolView.swift in Sources */ = {isa = PBXBuildFile; fileRef = 57C856F12A91BBDE0036F371 /* HeaderSeekingBackwardSymbolView.swift */; };
		57C856F42A91BF1A0036F371 /* HeaderBatteryUnpluggedSymbolView.swift in Sources */ = {isa = PBXBuildFile; fileRef = 57C856F32A91BF1A0036F371 /* HeaderBatteryUnpluggedSymbolView.swift */; };
		57C856F62A91E4590036F371 /* HeaderBatteryChargingSymbolView.swift in Sources */ = {isa = PBXBuildFile; fileRef = 57C856F52A91E4590036F371 /* HeaderBatteryChargingSymbolView.swift */; };
		57DFD0CE2A88CA1000080546 /* RepeatState.swift in Sources */ = {isa = PBXBuildFile; fileRef = 57DFD0CD2A88CA1000080546 /* RepeatState.swift */; };
		57DFD0D12A8914F500080546 /* HorizontalBarView.swift in Sources */ = {isa = PBXBuildFile; fileRef = 57DFD0D02A8914F500080546 /* HorizontalBarView.swift */; };
		57EF7E332A7A7AD000C2A56D /* PageBodyView.swift in Sources */ = {isa = PBXBuildFile; fileRef = 57EF7E322A7A7AD000C2A56D /* PageBodyView.swift */; };
		57EF7E352A7A7ADD00C2A56D /* DummyPageBodyView.swift in Sources */ = {isa = PBXBuildFile; fileRef = 57EF7E342A7A7ADD00C2A56D /* DummyPageBodyView.swift */; };
		57EF7E382A7A813400C2A56D /* ListStyleBodyView.swift in Sources */ = {isa = PBXBuildFile; fileRef = 57EF7E372A7A813400C2A56D /* ListStyleBodyView.swift */; };
		57EF7E3A2A7A81B100C2A56D /* PageBodyStackView.swift in Sources */ = {isa = PBXBuildFile; fileRef = 57EF7E392A7A81B100C2A56D /* PageBodyStackView.swift */; };
		57EF7E3C2A7A96CC00C2A56D /* TransitionState.swift in Sources */ = {isa = PBXBuildFile; fileRef = 57EF7E3B2A7A96CC00C2A56D /* TransitionState.swift */; };
		57EFC51C2A98B1DB00E26487 /* Settings.bundle in Resources */ = {isa = PBXBuildFile; fileRef = 57EFC51B2A98B1DB00E26487 /* Settings.bundle */; };
		57EFC51E2A98C17900E26487 /* PhotoStyleBodyStackView.swift in Sources */ = {isa = PBXBuildFile; fileRef = 57EFC51D2A98C17900E26487 /* PhotoStyleBodyStackView.swift */; };
		57EFC5212A98E67A00E26487 /* PhotoHandler.swift in Sources */ = {isa = PBXBuildFile; fileRef = 57EFC5202A98E67A00E26487 /* PhotoHandler.swift */; };
		57F38CA22AA2FC5C003092D2 /* DataModel.swift in Sources */ = {isa = PBXBuildFile; fileRef = 57F38CA12AA2FC5C003092D2 /* DataModel.swift */; };
		57FC99BA2A73F55E00388422 /* PageKey.swift in Sources */ = {isa = PBXBuildFile; fileRef = 57FC99B92A73F55E00388422 /* PageKey.swift */; };
		57FC99BF2A7418A800388422 /* PageSK.swift in Sources */ = {isa = PBXBuildFile; fileRef = 57FC99BE2A7418A800388422 /* PageSK.swift */; };
		57FC99C12A74194200388422 /* WheelPropertyKey.swift in Sources */ = {isa = PBXBuildFile; fileRef = 57FC99C02A74194200388422 /* WheelPropertyKey.swift */; };
		57FC99C32A7422F900388422 /* downInt.swift in Sources */ = {isa = PBXBuildFile; fileRef = 57FC99C22A7422F900388422 /* downInt.swift */; };
		57FC99C52A7426D500388422 /* PageData.swift in Sources */ = {isa = PBXBuildFile; fileRef = 57FC99C42A7426D500388422 /* PageData.swift */; };
		57FC99C72A742A6C00388422 /* RowData.swift in Sources */ = {isa = PBXBuildFile; fileRef = 57FC99C62A742A6C00388422 /* RowData.swift */; };
/* End PBXBuildFile section */

/* Begin PBXFileReference section */
		570058932A879B4300321ACB /* NowPlayingStyleBodyStackView.swift */ = {isa = PBXFileReference; lastKnownFileType = sourcecode.swift; path = NowPlayingStyleBodyStackView.swift; sourceTree = "<group>"; };
		5704FC962A93575A00233066 /* mainMenuIndexShaker.swift */ = {isa = PBXFileReference; lastKnownFileType = sourcecode.swift; path = mainMenuIndexShaker.swift; sourceTree = "<group>"; };
		570863C02A8A1F4C00B575BB /* MPVolumeView+.swift */ = {isa = PBXFileReference; lastKnownFileType = sourcecode.swift; path = "MPVolumeView+.swift"; sourceTree = "<group>"; };
		570863C42A8A328200B575BB /* NowPlayingTransitionState.swift */ = {isa = PBXFileReference; lastKnownFileType = sourcecode.swift; path = NowPlayingTransitionState.swift; sourceTree = "<group>"; };
		570863C92A8A9D3700B575BB /* NowPlayingUpperView.swift */ = {isa = PBXFileReference; lastKnownFileType = sourcecode.swift; path = NowPlayingUpperView.swift; sourceTree = "<group>"; };
		570863CB2A8A9DC000B575BB /* NowPlayingLowerTimeBarView.swift */ = {isa = PBXFileReference; lastKnownFileType = sourcecode.swift; path = NowPlayingLowerTimeBarView.swift; sourceTree = "<group>"; };
		570863CD2A8A9DDC00B575BB /* NowPlayingFullArtworkBodyView.swift */ = {isa = PBXFileReference; lastKnownFileType = sourcecode.swift; path = NowPlayingFullArtworkBodyView.swift; sourceTree = "<group>"; };
		5717C9B42A61A58A007156BA /* PodObservable.swift */ = {isa = PBXFileReference; lastKnownFileType = sourcecode.swift; path = PodObservable.swift; sourceTree = "<group>"; };
		5717C9B72A61ADAE007156BA /* RowActionStyle.swift */ = {isa = PBXFileReference; lastKnownFileType = sourcecode.swift; path = RowActionStyle.swift; sourceTree = "<group>"; };
		5719F5D62A6D6F6300CC8886 /* RowView.swift */ = {isa = PBXFileReference; lastKnownFileType = sourcecode.swift; path = RowView.swift; sourceTree = "<group>"; };
		5719F5D92A6D753100CC8886 /* Color+.swift */ = {isa = PBXFileReference; lastKnownFileType = sourcecode.swift; path = "Color+.swift"; sourceTree = "<group>"; };
		5719F5DB2A6D81D500CC8886 /* Info.plist */ = {isa = PBXFileReference; lastKnownFileType = text.plist; path = Info.plist; sourceTree = "<group>"; };
		5726AC1D2A7B7A6D00129FAD /* DiscreteScrollBarView.swift */ = {isa = PBXFileReference; lastKnownFileType = sourcecode.swift; path = DiscreteScrollBarView.swift; sourceTree = "<group>"; };
		575360852A91EBFF00645004 /* HeaderBatteryFullSymbolView.swift */ = {isa = PBXFileReference; lastKnownFileType = sourcecode.swift; path = HeaderBatteryFullSymbolView.swift; sourceTree = "<group>"; };
		57557D3B2A468D5700270F60 /* dist.swift */ = {isa = PBXFileReference; lastKnownFileType = sourcecode.swift; path = dist.swift; sourceTree = "<group>"; };
		57557D3D2A469EC200270F60 /* angle.swift */ = {isa = PBXFileReference; lastKnownFileType = sourcecode.swift; path = angle.swift; sourceTree = "<group>"; };
		575732862A745A3D00AD5AC4 /* RowHandlingPropertyKey.swift */ = {isa = PBXFileReference; lastKnownFileType = sourcecode.swift; path = RowHandlingPropertyKey.swift; sourceTree = "<group>"; };
		575732882A745FB100AD5AC4 /* PlayingState.swift */ = {isa = PBXFileReference; lastKnownFileType = sourcecode.swift; path = PlayingState.swift; sourceTree = "<group>"; };
		576A61A82AA31F3200A10A0B /* VibeHandler.swift */ = {isa = PBXFileReference; lastKnownFileType = sourcecode.swift; path = VibeHandler.swift; sourceTree = "<group>"; };
		576A61AC2AA34C3000A10A0B /* StatusModel.swift */ = {isa = PBXFileReference; lastKnownFileType = sourcecode.swift; path = StatusModel.swift; sourceTree = "<group>"; };
		576A61B02AA4B45800A10A0B /* PodObservable+(Transition).swift */ = {isa = PBXFileReference; lastKnownFileType = sourcecode.swift; path = "PodObservable+(Transition).swift"; sourceTree = "<group>"; };
		576A61B22AA4B52100A10A0B /* PodObservable+(Timer).swift */ = {isa = PBXFileReference; lastKnownFileType = sourcecode.swift; path = "PodObservable+(Timer).swift"; sourceTree = "<group>"; };
		576A61B42AA4B58800A10A0B /* PodObservable+(Gesture).swift */ = {isa = PBXFileReference; lastKnownFileType = sourcecode.swift; path = "PodObservable+(Gesture).swift"; sourceTree = "<group>"; };
		576A61B62AA4B71F00A10A0B /* PodObservable+(Volume).swift */ = {isa = PBXFileReference; lastKnownFileType = sourcecode.swift; path = "PodObservable+(Volume).swift"; sourceTree = "<group>"; };
		576A61B82AA4B78200A10A0B /* PodObservable+(PageData).swift */ = {isa = PBXFileReference; lastKnownFileType = sourcecode.swift; path = "PodObservable+(PageData).swift"; sourceTree = "<group>"; };
		5774BC632AAD49F2006747EE /* VideoLoadingState.swift */ = {isa = PBXFileReference; lastKnownFileType = sourcecode.swift; path = VideoLoadingState.swift; sourceTree = "<group>"; };
		5781F3582A430DF8004C5B21 /* GestureView.swift */ = {isa = PBXFileReference; lastKnownFileType = sourcecode.swift; path = GestureView.swift; sourceTree = "<group>"; };
		57867D922A3CC2F100129450 /* PodPod.app */ = {isa = PBXFileReference; explicitFileType = wrapper.application; includeInIndex = 0; path = PodPod.app; sourceTree = BUILT_PRODUCTS_DIR; };
		57867D952A3CC2F100129450 /* iPodSwiftUIApp.swift */ = {isa = PBXFileReference; lastKnownFileType = sourcecode.swift; path = iPodSwiftUIApp.swift; sourceTree = "<group>"; };
		57867D972A3CC2F100129450 /* DeviceView.swift */ = {isa = PBXFileReference; lastKnownFileType = sourcecode.swift; path = DeviceView.swift; sourceTree = "<group>"; };
		57867D992A3CC2F200129450 /* Assets.xcassets */ = {isa = PBXFileReference; lastKnownFileType = folder.assetcatalog; path = Assets.xcassets; sourceTree = "<group>"; };
		57867D9C2A3CC2F200129450 /* Preview Assets.xcassets */ = {isa = PBXFileReference; lastKnownFileType = folder.assetcatalog; path = "Preview Assets.xcassets"; sourceTree = "<group>"; };
		57867DA42A3CC7D500129450 /* DesignSystem.swift */ = {isa = PBXFileReference; lastKnownFileType = sourcecode.swift; path = DesignSystem.swift; sourceTree = "<group>"; };
		57867DA72A3CCBF600129450 /* ScreenView.swift */ = {isa = PBXFileReference; lastKnownFileType = sourcecode.swift; path = ScreenView.swift; sourceTree = "<group>"; };
		57867DA92A3CCC0200129450 /* WheelView.swift */ = {isa = PBXFileReference; lastKnownFileType = sourcecode.swift; path = WheelView.swift; sourceTree = "<group>"; };
		57867DAE2A3F1C9E00129450 /* HeaderView.swift */ = {isa = PBXFileReference; lastKnownFileType = sourcecode.swift; path = HeaderView.swift; sourceTree = "<group>"; };
		57867DB62A3F2BC600129450 /* PageBodyStyle.swift */ = {isa = PBXFileReference; lastKnownFileType = sourcecode.swift; path = PageBodyStyle.swift; sourceTree = "<group>"; };
		578908632AA0274B002B7CED /* TextStyleBodyView.swift */ = {isa = PBXFileReference; lastKnownFileType = sourcecode.swift; path = TextStyleBodyView.swift; sourceTree = "<group>"; };
		578908652AA0757D002B7CED /* View+.swift */ = {isa = PBXFileReference; lastKnownFileType = sourcecode.swift; path = "View+.swift"; sourceTree = "<group>"; };
		578908672AA075B5002B7CED /* SizePreferenceKey.swift */ = {isa = PBXFileReference; lastKnownFileType = sourcecode.swift; path = SizePreferenceKey.swift; sourceTree = "<group>"; };
		5789086B2AA0D918002B7CED /* LibraryUpdateSymbolState.swift */ = {isa = PBXFileReference; lastKnownFileType = sourcecode.swift; path = LibraryUpdateSymbolState.swift; sourceTree = "<group>"; };
		578908762AA0F889002B7CED /* ListStyleBodyView_ghost.swift */ = {isa = PBXFileReference; lastKnownFileType = sourcecode.swift; path = ListStyleBodyView_ghost.swift; sourceTree = "<group>"; };
		578908782AA0F8D6002B7CED /* RowView_ghost.swift */ = {isa = PBXFileReference; lastKnownFileType = sourcecode.swift; path = RowView_ghost.swift; sourceTree = "<group>"; };
		579D509A2A90930500248D22 /* NowPlayingLowerVolumeBarView.swift */ = {isa = PBXFileReference; lastKnownFileType = sourcecode.swift; path = NowPlayingLowerVolumeBarView.swift; sourceTree = "<group>"; };
		579D509C2A90A23B00248D22 /* NowPlayingLowerSeekBarView.swift */ = {isa = PBXFileReference; lastKnownFileType = sourcecode.swift; path = NowPlayingLowerSeekBarView.swift; sourceTree = "<group>"; };
		579D509E2A90A33C00248D22 /* SeekRhombusView.swift */ = {isa = PBXFileReference; lastKnownFileType = sourcecode.swift; path = SeekRhombusView.swift; sourceTree = "<group>"; };
		579D50A02A90A62800248D22 /* SeekBarView.swift */ = {isa = PBXFileReference; lastKnownFileType = sourcecode.swift; path = SeekBarView.swift; sourceTree = "<group>"; };
		579D50A22A90B8FB00248D22 /* NowPlayingComplexBodyView.swift */ = {isa = PBXFileReference; lastKnownFileType = sourcecode.swift; path = NowPlayingComplexBodyView.swift; sourceTree = "<group>"; };
		579E2FBD2AA5AD27001BF603 /* sortRule.swift */ = {isa = PBXFileReference; lastKnownFileType = sourcecode.swift; path = sortRule.swift; sourceTree = "<group>"; };
		579E2FBF2AA5B21E001BF603 /* VideoStyleBodyStackView.swift */ = {isa = PBXFileReference; lastKnownFileType = sourcecode.swift; path = VideoStyleBodyStackView.swift; sourceTree = "<group>"; };
		579E2FC12AA5CD66001BF603 /* VideoHandler.swift */ = {isa = PBXFileReference; lastKnownFileType = sourcecode.swift; path = VideoHandler.swift; sourceTree = "<group>"; };
		579E2FC32AA5D964001BF603 /* PHAsset+.swift */ = {isa = PBXFileReference; lastKnownFileType = sourcecode.swift; path = "PHAsset+.swift"; sourceTree = "<group>"; };
		579E2FC52AA60EFA001BF603 /* VideoControlState.swift */ = {isa = PBXFileReference; lastKnownFileType = sourcecode.swift; path = VideoControlState.swift; sourceTree = "<group>"; };
		579E2FC72AA62BE1001BF603 /* VideoRealPlayingState.swift */ = {isa = PBXFileReference; lastKnownFileType = sourcecode.swift; path = VideoRealPlayingState.swift; sourceTree = "<group>"; };
		579E2FC92AA71220001BF603 /* NowPlayingVideoStyleView.swift */ = {isa = PBXFileReference; lastKnownFileType = sourcecode.swift; path = NowPlayingVideoStyleView.swift; sourceTree = "<group>"; };
		579E2FCC2AA71EEF001BF603 /* VideoPlayingSymbolView.swift */ = {isa = PBXFileReference; lastKnownFileType = sourcecode.swift; path = VideoPlayingSymbolView.swift; sourceTree = "<group>"; };
		579E2FCE2AA71F0B001BF603 /* VideoPausedSymbolView.swift */ = {isa = PBXFileReference; lastKnownFileType = sourcecode.swift; path = VideoPausedSymbolView.swift; sourceTree = "<group>"; };
		579E2FD02AA71F19001BF603 /* VideoBatterySymbolView.swift */ = {isa = PBXFileReference; lastKnownFileType = sourcecode.swift; path = VideoBatterySymbolView.swift; sourceTree = "<group>"; };
		579E2FD22AA71F70001BF603 /* VideoVolumeBarView.swift */ = {isa = PBXFileReference; lastKnownFileType = sourcecode.swift; path = VideoVolumeBarView.swift; sourceTree = "<group>"; };
		579E2FD42AA71FBC001BF603 /* VideoSeekBarView.swift */ = {isa = PBXFileReference; lastKnownFileType = sourcecode.swift; path = VideoSeekBarView.swift; sourceTree = "<group>"; };
		579E2FD62AA8D39B001BF603 /* TestView.swift */ = {isa = PBXFileReference; lastKnownFileType = sourcecode.swift; path = TestView.swift; sourceTree = "<group>"; };
		579E2FD82AA9522D001BF603 /* VideoZoomMode.swift */ = {isa = PBXFileReference; lastKnownFileType = sourcecode.swift; path = VideoZoomMode.swift; sourceTree = "<group>"; };
		579E2FDA2AA952DB001BF603 /* VideoAutoplayMode.swift */ = {isa = PBXFileReference; lastKnownFileType = sourcecode.swift; path = VideoAutoplayMode.swift; sourceTree = "<group>"; };
		57A746302A7E42E2007BD76D /* MusicHandler.swift */ = {isa = PBXFileReference; lastKnownFileType = sourcecode.swift; path = MusicHandler.swift; sourceTree = "<group>"; };
		57C65E282A8A0BCB0048F149 /* getTimeString.swift */ = {isa = PBXFileReference; lastKnownFileType = sourcecode.swift; path = getTimeString.swift; sourceTree = "<group>"; };
		57C856E92A91A93B0036F371 /* BatteryState.swift */ = {isa = PBXFileReference; lastKnownFileType = sourcecode.swift; path = BatteryState.swift; sourceTree = "<group>"; };
		57C856EB2A91BB730036F371 /* HeaderPlayingSymbolView.swift */ = {isa = PBXFileReference; lastKnownFileType = sourcecode.swift; path = HeaderPlayingSymbolView.swift; sourceTree = "<group>"; };
		57C856ED2A91BB810036F371 /* HeaderPausedSymbolView.swift */ = {isa = PBXFileReference; lastKnownFileType = sourcecode.swift; path = HeaderPausedSymbolView.swift; sourceTree = "<group>"; };
		57C856EF2A91BBCD0036F371 /* HeaderSeekingForwardSymbolView.swift */ = {isa = PBXFileReference; lastKnownFileType = sourcecode.swift; path = HeaderSeekingForwardSymbolView.swift; sourceTree = "<group>"; };
		57C856F12A91BBDE0036F371 /* HeaderSeekingBackwardSymbolView.swift */ = {isa = PBXFileReference; lastKnownFileType = sourcecode.swift; path = HeaderSeekingBackwardSymbolView.swift; sourceTree = "<group>"; };
		57C856F32A91BF1A0036F371 /* HeaderBatteryUnpluggedSymbolView.swift */ = {isa = PBXFileReference; lastKnownFileType = sourcecode.swift; path = HeaderBatteryUnpluggedSymbolView.swift; sourceTree = "<group>"; };
		57C856F52A91E4590036F371 /* HeaderBatteryChargingSymbolView.swift */ = {isa = PBXFileReference; lastKnownFileType = sourcecode.swift; path = HeaderBatteryChargingSymbolView.swift; sourceTree = "<group>"; };
		57DFD0CD2A88CA1000080546 /* RepeatState.swift */ = {isa = PBXFileReference; lastKnownFileType = sourcecode.swift; path = RepeatState.swift; sourceTree = "<group>"; };
		57DFD0D02A8914F500080546 /* HorizontalBarView.swift */ = {isa = PBXFileReference; lastKnownFileType = sourcecode.swift; path = HorizontalBarView.swift; sourceTree = "<group>"; };
		57EF7E322A7A7AD000C2A56D /* PageBodyView.swift */ = {isa = PBXFileReference; lastKnownFileType = sourcecode.swift; path = PageBodyView.swift; sourceTree = "<group>"; };
		57EF7E342A7A7ADD00C2A56D /* DummyPageBodyView.swift */ = {isa = PBXFileReference; lastKnownFileType = sourcecode.swift; path = DummyPageBodyView.swift; sourceTree = "<group>"; };
		57EF7E372A7A813400C2A56D /* ListStyleBodyView.swift */ = {isa = PBXFileReference; lastKnownFileType = sourcecode.swift; path = ListStyleBodyView.swift; sourceTree = "<group>"; };
		57EF7E392A7A81B100C2A56D /* PageBodyStackView.swift */ = {isa = PBXFileReference; fileEncoding = 4; lastKnownFileType = sourcecode.swift; path = PageBodyStackView.swift; sourceTree = "<group>"; };
		57EF7E3B2A7A96CC00C2A56D /* TransitionState.swift */ = {isa = PBXFileReference; lastKnownFileType = sourcecode.swift; path = TransitionState.swift; sourceTree = "<group>"; };
		57EFC51B2A98B1DB00E26487 /* Settings.bundle */ = {isa = PBXFileReference; lastKnownFileType = "wrapper.plug-in"; path = Settings.bundle; sourceTree = "<group>"; };
		57EFC51D2A98C17900E26487 /* PhotoStyleBodyStackView.swift */ = {isa = PBXFileReference; lastKnownFileType = sourcecode.swift; path = PhotoStyleBodyStackView.swift; sourceTree = "<group>"; };
		57EFC5202A98E67A00E26487 /* PhotoHandler.swift */ = {isa = PBXFileReference; lastKnownFileType = sourcecode.swift; path = PhotoHandler.swift; sourceTree = "<group>"; };
		57F38CA12AA2FC5C003092D2 /* DataModel.swift */ = {isa = PBXFileReference; lastKnownFileType = sourcecode.swift; path = DataModel.swift; sourceTree = "<group>"; };
		57FC99B92A73F55E00388422 /* PageKey.swift */ = {isa = PBXFileReference; lastKnownFileType = sourcecode.swift; path = PageKey.swift; sourceTree = "<group>"; };
		57FC99BE2A7418A800388422 /* PageSK.swift */ = {isa = PBXFileReference; lastKnownFileType = sourcecode.swift; path = PageSK.swift; sourceTree = "<group>"; };
		57FC99C02A74194200388422 /* WheelPropertyKey.swift */ = {isa = PBXFileReference; lastKnownFileType = sourcecode.swift; path = WheelPropertyKey.swift; sourceTree = "<group>"; };
		57FC99C22A7422F900388422 /* downInt.swift */ = {isa = PBXFileReference; lastKnownFileType = sourcecode.swift; path = downInt.swift; sourceTree = "<group>"; };
		57FC99C42A7426D500388422 /* PageData.swift */ = {isa = PBXFileReference; lastKnownFileType = sourcecode.swift; path = PageData.swift; sourceTree = "<group>"; };
		57FC99C62A742A6C00388422 /* RowData.swift */ = {isa = PBXFileReference; lastKnownFileType = sourcecode.swift; path = RowData.swift; sourceTree = "<group>"; };
/* End PBXFileReference section */

/* Begin PBXFrameworksBuildPhase section */
		57867D8F2A3CC2F100129450 /* Frameworks */ = {
			isa = PBXFrameworksBuildPhase;
			buildActionMask = 2147483647;
			files = (
			);
			runOnlyForDeploymentPostprocessing = 0;
		};
/* End PBXFrameworksBuildPhase section */

/* Begin PBXGroup section */
		5704FC932A9352B600233066 /* Header Components */ = {
			isa = PBXGroup;
			children = (
				57C856EB2A91BB730036F371 /* HeaderPlayingSymbolView.swift */,
				57C856ED2A91BB810036F371 /* HeaderPausedSymbolView.swift */,
				57C856EF2A91BBCD0036F371 /* HeaderSeekingForwardSymbolView.swift */,
				57C856F12A91BBDE0036F371 /* HeaderSeekingBackwardSymbolView.swift */,
				57C856F32A91BF1A0036F371 /* HeaderBatteryUnpluggedSymbolView.swift */,
				57C856F52A91E4590036F371 /* HeaderBatteryChargingSymbolView.swift */,
				575360852A91EBFF00645004 /* HeaderBatteryFullSymbolView.swift */,
			);
			path = "Header Components";
			sourceTree = "<group>";
		};
		5704FC942A9352C000233066 /* NowPlaying Components */ = {
			isa = PBXGroup;
			children = (
				570863C92A8A9D3700B575BB /* NowPlayingUpperView.swift */,
				570863CB2A8A9DC000B575BB /* NowPlayingLowerTimeBarView.swift */,
				579D509A2A90930500248D22 /* NowPlayingLowerVolumeBarView.swift */,
				579D509C2A90A23B00248D22 /* NowPlayingLowerSeekBarView.swift */,
				5726AC1D2A7B7A6D00129FAD /* DiscreteScrollBarView.swift */,
				57DFD0D02A8914F500080546 /* HorizontalBarView.swift */,
				579D50A02A90A62800248D22 /* SeekBarView.swift */,
				579D509E2A90A33C00248D22 /* SeekRhombusView.swift */,
			);
			path = "NowPlaying Components";
			sourceTree = "<group>";
		};
		570863C82A8A9D1500B575BB /* NowPlaying Body View */ = {
			isa = PBXGroup;
			children = (
				579D50A22A90B8FB00248D22 /* NowPlayingComplexBodyView.swift */,
				570863CD2A8A9DDC00B575BB /* NowPlayingFullArtworkBodyView.swift */,
			);
			path = "NowPlaying Body View";
			sourceTree = "<group>";
		};
		5717C9B32A61A173007156BA /* View */ = {
			isa = PBXGroup;
			children = (
				57867D972A3CC2F100129450 /* DeviceView.swift */,
				579E2FD62AA8D39B001BF603 /* TestView.swift */,
				57867DA62A3CCBE600129450 /* Device Subview */,
				57867DAD2A3F1B7E00129450 /* Screen Subview */,
				57DFD0CF2A88EC1600080546 /* View For Each Style */,
				570863C82A8A9D1500B575BB /* NowPlaying Body View */,
				57EF7E362A7A80DB00C2A56D /* Screen Components */,
			);
			path = View;
			sourceTree = "<group>";
		};
		5717C9B62A61A9B1007156BA /* Type */ = {
			isa = PBXGroup;
			children = (
				57FC99BE2A7418A800388422 /* PageSK.swift */,
				57FC99C62A742A6C00388422 /* RowData.swift */,
				57FC99C42A7426D500388422 /* PageData.swift */,
				578908672AA075B5002B7CED /* SizePreferenceKey.swift */,
			);
			path = Type;
			sourceTree = "<group>";
		};
		5719F5D82A6D751E00CC8886 /* Simple Extension */ = {
			isa = PBXGroup;
			children = (
				5719F5D92A6D753100CC8886 /* Color+.swift */,
				570863C02A8A1F4C00B575BB /* MPVolumeView+.swift */,
				578908652AA0757D002B7CED /* View+.swift */,
				579E2FC32AA5D964001BF603 /* PHAsset+.swift */,
			);
			path = "Simple Extension";
			sourceTree = "<group>";
		};
		57557D3A2A468D3C00270F60 /* Global Function */ = {
			isa = PBXGroup;
			children = (
				57557D3B2A468D5700270F60 /* dist.swift */,
				57557D3D2A469EC200270F60 /* angle.swift */,
				57FC99C22A7422F900388422 /* downInt.swift */,
				57C65E282A8A0BCB0048F149 /* getTimeString.swift */,
				5704FC962A93575A00233066 /* mainMenuIndexShaker.swift */,
				579E2FBD2AA5AD27001BF603 /* sortRule.swift */,
			);
			path = "Global Function";
			sourceTree = "<group>";
		};
		576A61BA2AA4B7D200A10A0B /* PodObservable Extension */ = {
			isa = PBXGroup;
			children = (
				576A61B02AA4B45800A10A0B /* PodObservable+(Transition).swift */,
				576A61B22AA4B52100A10A0B /* PodObservable+(Timer).swift */,
				576A61B42AA4B58800A10A0B /* PodObservable+(Gesture).swift */,
				576A61B62AA4B71F00A10A0B /* PodObservable+(Volume).swift */,
				576A61B82AA4B78200A10A0B /* PodObservable+(PageData).swift */,
			);
			path = "PodObservable Extension";
			sourceTree = "<group>";
		};
		576A61BB2AA4C18000A10A0B /* Enumeration */ = {
			isa = PBXGroup;
			children = (
				57867DB62A3F2BC600129450 /* PageBodyStyle.swift */,
				5717C9B72A61ADAE007156BA /* RowActionStyle.swift */,
				57EF7E3B2A7A96CC00C2A56D /* TransitionState.swift */,
				57FC99B92A73F55E00388422 /* PageKey.swift */,
				57FC99C02A74194200388422 /* WheelPropertyKey.swift */,
				575732862A745A3D00AD5AC4 /* RowHandlingPropertyKey.swift */,
				575732882A745FB100AD5AC4 /* PlayingState.swift */,
				57DFD0CD2A88CA1000080546 /* RepeatState.swift */,
				570863C42A8A328200B575BB /* NowPlayingTransitionState.swift */,
				57C856E92A91A93B0036F371 /* BatteryState.swift */,
				5789086B2AA0D918002B7CED /* LibraryUpdateSymbolState.swift */,
				579E2FC52AA60EFA001BF603 /* VideoControlState.swift */,
				579E2FC72AA62BE1001BF603 /* VideoRealPlayingState.swift */,
				579E2FD82AA9522D001BF603 /* VideoZoomMode.swift */,
				579E2FDA2AA952DB001BF603 /* VideoAutoplayMode.swift */,
				5774BC632AAD49F2006747EE /* VideoLoadingState.swift */,
			);
			path = Enumeration;
			sourceTree = "<group>";
		};
		57867D892A3CC2F100129450 = {
			isa = PBXGroup;
			children = (
				57867D942A3CC2F100129450 /* iPodSwiftUI */,
				57867D932A3CC2F100129450 /* Products */,
			);
			sourceTree = "<group>";
		};
		57867D932A3CC2F100129450 /* Products */ = {
			isa = PBXGroup;
			children = (
				57867D922A3CC2F100129450 /* PodPod.app */,
			);
			name = Products;
			sourceTree = "<group>";
		};
		57867D942A3CC2F100129450 /* iPodSwiftUI */ = {
			isa = PBXGroup;
			children = (
				5719F5DB2A6D81D500CC8886 /* Info.plist */,
				57EFC51B2A98B1DB00E26487 /* Settings.bundle */,
				57867D952A3CC2F100129450 /* iPodSwiftUIApp.swift */,
				5717C9B32A61A173007156BA /* View */,
				57F38CA02AA2FC07003092D2 /* Model */,
				57867DA32A3CC79F00129450 /* Observable */,
				57F38C9F2AA2F79A003092D2 /* Handler */,
				576A61BB2AA4C18000A10A0B /* Enumeration */,
				5717C9B62A61A9B1007156BA /* Type */,
				5719F5D82A6D751E00CC8886 /* Simple Extension */,
				57557D3A2A468D3C00270F60 /* Global Function */,
				57F38C9E2AA2F778003092D2 /* Design System */,
				57867D992A3CC2F200129450 /* Assets.xcassets */,
				57867D9B2A3CC2F200129450 /* Preview Content */,
			);
			path = iPodSwiftUI;
			sourceTree = "<group>";
		};
		57867D9B2A3CC2F200129450 /* Preview Content */ = {
			isa = PBXGroup;
			children = (
				57867D9C2A3CC2F200129450 /* Preview Assets.xcassets */,
			);
			path = "Preview Content";
			sourceTree = "<group>";
		};
		57867DA32A3CC79F00129450 /* Observable */ = {
			isa = PBXGroup;
			children = (
				5717C9B42A61A58A007156BA /* PodObservable.swift */,
				576A61BA2AA4B7D200A10A0B /* PodObservable Extension */,
			);
			path = Observable;
			sourceTree = "<group>";
		};
		57867DA62A3CCBE600129450 /* Device Subview */ = {
			isa = PBXGroup;
			children = (
				57867DA72A3CCBF600129450 /* ScreenView.swift */,
				57867DA92A3CCC0200129450 /* WheelView.swift */,
				5781F3582A430DF8004C5B21 /* GestureView.swift */,
			);
			path = "Device Subview";
			sourceTree = "<group>";
		};
		57867DAD2A3F1B7E00129450 /* Screen Subview */ = {
			isa = PBXGroup;
			children = (
				57867DAE2A3F1C9E00129450 /* HeaderView.swift */,
				57EF7E392A7A81B100C2A56D /* PageBodyStackView.swift */,
				57EF7E322A7A7AD000C2A56D /* PageBodyView.swift */,
				57EF7E342A7A7ADD00C2A56D /* DummyPageBodyView.swift */,
			);
			path = "Screen Subview";
			sourceTree = "<group>";
		};
		579E2FCB2AA71E50001BF603 /* Video Components */ = {
			isa = PBXGroup;
			children = (
				579E2FCC2AA71EEF001BF603 /* VideoPlayingSymbolView.swift */,
				579E2FCE2AA71F0B001BF603 /* VideoPausedSymbolView.swift */,
				579E2FD02AA71F19001BF603 /* VideoBatterySymbolView.swift */,
				579E2FD22AA71F70001BF603 /* VideoVolumeBarView.swift */,
				579E2FD42AA71FBC001BF603 /* VideoSeekBarView.swift */,
			);
			path = "Video Components";
			sourceTree = "<group>";
		};
		57DFD0CF2A88EC1600080546 /* View For Each Style */ = {
			isa = PBXGroup;
			children = (
				57EF7E372A7A813400C2A56D /* ListStyleBodyView.swift */,
				578908762AA0F889002B7CED /* ListStyleBodyView_ghost.swift */,
				57EFC51D2A98C17900E26487 /* PhotoStyleBodyStackView.swift */,
				570058932A879B4300321ACB /* NowPlayingStyleBodyStackView.swift */,
				579E2FBF2AA5B21E001BF603 /* VideoStyleBodyStackView.swift */,
				579E2FC92AA71220001BF603 /* NowPlayingVideoStyleView.swift */,
				578908632AA0274B002B7CED /* TextStyleBodyView.swift */,
			);
			path = "View For Each Style";
			sourceTree = "<group>";
		};
		57EF7E362A7A80DB00C2A56D /* Screen Components */ = {
			isa = PBXGroup;
			children = (
				5719F5D62A6D6F6300CC8886 /* RowView.swift */,
				578908782AA0F8D6002B7CED /* RowView_ghost.swift */,
				5704FC932A9352B600233066 /* Header Components */,
				5704FC942A9352C000233066 /* NowPlaying Components */,
				579E2FCB2AA71E50001BF603 /* Video Components */,
			);
			path = "Screen Components";
			sourceTree = "<group>";
		};
		57F38C9E2AA2F778003092D2 /* Design System */ = {
			isa = PBXGroup;
			children = (
				57867DA42A3CC7D500129450 /* DesignSystem.swift */,
			);
			path = "Design System";
			sourceTree = "<group>";
		};
		57F38C9F2AA2F79A003092D2 /* Handler */ = {
			isa = PBXGroup;
			children = (
				57EFC5202A98E67A00E26487 /* PhotoHandler.swift */,
				57A746302A7E42E2007BD76D /* MusicHandler.swift */,
				576A61A82AA31F3200A10A0B /* VibeHandler.swift */,
				579E2FC12AA5CD66001BF603 /* VideoHandler.swift */,
			);
			path = Handler;
			sourceTree = "<group>";
		};
		57F38CA02AA2FC07003092D2 /* Model */ = {
			isa = PBXGroup;
			children = (
				57F38CA12AA2FC5C003092D2 /* DataModel.swift */,
				576A61AC2AA34C3000A10A0B /* StatusModel.swift */,
			);
			path = Model;
			sourceTree = "<group>";
		};
/* End PBXGroup section */

/* Begin PBXNativeTarget section */
		57867D912A3CC2F100129450 /* PodPod */ = {
			isa = PBXNativeTarget;
			buildConfigurationList = 57867DA02A3CC2F200129450 /* Build configuration list for PBXNativeTarget "PodPod" */;
			buildPhases = (
				57867D8E2A3CC2F100129450 /* Sources */,
				57867D8F2A3CC2F100129450 /* Frameworks */,
				57867D902A3CC2F100129450 /* Resources */,
			);
			buildRules = (
			);
			dependencies = (
			);
			name = PodPod;
			productName = iPodSwiftUI;
			productReference = 57867D922A3CC2F100129450 /* PodPod.app */;
			productType = "com.apple.product-type.application";
		};
/* End PBXNativeTarget section */

/* Begin PBXProject section */
		57867D8A2A3CC2F100129450 /* Project object */ = {
			isa = PBXProject;
			attributes = {
				BuildIndependentTargetsInParallel = 1;
				LastSwiftUpdateCheck = 1430;
				LastUpgradeCheck = 1430;
				TargetAttributes = {
					57867D912A3CC2F100129450 = {
						CreatedOnToolsVersion = 14.3.1;
					};
				};
			};
			buildConfigurationList = 57867D8D2A3CC2F100129450 /* Build configuration list for PBXProject "PodPod" */;
			compatibilityVersion = "Xcode 14.0";
			developmentRegion = en;
			hasScannedForEncodings = 0;
			knownRegions = (
				en,
				Base,
			);
			mainGroup = 57867D892A3CC2F100129450;
			productRefGroup = 57867D932A3CC2F100129450 /* Products */;
			projectDirPath = "";
			projectRoot = "";
			targets = (
				57867D912A3CC2F100129450 /* PodPod */,
			);
		};
/* End PBXProject section */

/* Begin PBXResourcesBuildPhase section */
		57867D902A3CC2F100129450 /* Resources */ = {
			isa = PBXResourcesBuildPhase;
			buildActionMask = 2147483647;
			files = (
				57867D9D2A3CC2F200129450 /* Preview Assets.xcassets in Resources */,
				57EFC51C2A98B1DB00E26487 /* Settings.bundle in Resources */,
				57867D9A2A3CC2F200129450 /* Assets.xcassets in Resources */,
			);
			runOnlyForDeploymentPostprocessing = 0;
		};
/* End PBXResourcesBuildPhase section */

/* Begin PBXSourcesBuildPhase section */
		57867D8E2A3CC2F100129450 /* Sources */ = {
			isa = PBXSourcesBuildPhase;
			buildActionMask = 2147483647;
			files = (
				579E2FD52AA71FBC001BF603 /* VideoSeekBarView.swift in Sources */,
				579D509F2A90A33C00248D22 /* SeekRhombusView.swift in Sources */,
				578908642AA0274B002B7CED /* TextStyleBodyView.swift in Sources */,
				579D509B2A90930500248D22 /* NowPlayingLowerVolumeBarView.swift in Sources */,
				579E2FC02AA5B21E001BF603 /* VideoStyleBodyStackView.swift in Sources */,
				575360862A91EBFF00645004 /* HeaderBatteryFullSymbolView.swift in Sources */,
				57C65E292A8A0BCB0048F149 /* getTimeString.swift in Sources */,
				579D50A32A90B8FB00248D22 /* NowPlayingComplexBodyView.swift in Sources */,
				570863CE2A8A9DDC00B575BB /* NowPlayingFullArtworkBodyView.swift in Sources */,
				57A746312A7E42E2007BD76D /* MusicHandler.swift in Sources */,
				579E2FDB2AA952DB001BF603 /* VideoAutoplayMode.swift in Sources */,
				579E2FCF2AA71F0B001BF603 /* VideoPausedSymbolView.swift in Sources */,
				57C856EC2A91BB730036F371 /* HeaderPlayingSymbolView.swift in Sources */,
				579D50A12A90A62800248D22 /* SeekBarView.swift in Sources */,
				576A61B72AA4B71F00A10A0B /* PodObservable+(Volume).swift in Sources */,
				57EF7E352A7A7ADD00C2A56D /* DummyPageBodyView.swift in Sources */,
				579E2FD32AA71F70001BF603 /* VideoVolumeBarView.swift in Sources */,
				57C856F42A91BF1A0036F371 /* HeaderBatteryUnpluggedSymbolView.swift in Sources */,
				579D509D2A90A23B00248D22 /* NowPlayingLowerSeekBarView.swift in Sources */,
				5704FC972A93575A00233066 /* mainMenuIndexShaker.swift in Sources */,
				57867DA52A3CC7D500129450 /* DesignSystem.swift in Sources */,
				5726AC1E2A7B7A6D00129FAD /* DiscreteScrollBarView.swift in Sources */,
				570863C12A8A1F4C00B575BB /* MPVolumeView+.swift in Sources */,
				57C856F02A91BBCD0036F371 /* HeaderSeekingForwardSymbolView.swift in Sources */,
				579E2FC42AA5D964001BF603 /* PHAsset+.swift in Sources */,
				579E2FD72AA8D39B001BF603 /* TestView.swift in Sources */,
				570863CA2A8A9D3700B575BB /* NowPlayingUpperView.swift in Sources */,
				57F38CA22AA2FC5C003092D2 /* DataModel.swift in Sources */,
				576A61B92AA4B78200A10A0B /* PodObservable+(PageData).swift in Sources */,
				57FC99C12A74194200388422 /* WheelPropertyKey.swift in Sources */,
				5781F3592A430DF8004C5B21 /* GestureView.swift in Sources */,
				578908792AA0F8D6002B7CED /* RowView_ghost.swift in Sources */,
				57867D982A3CC2F100129450 /* DeviceView.swift in Sources */,
				579E2FC22AA5CD66001BF603 /* VideoHandler.swift in Sources */,
				57FC99C52A7426D500388422 /* PageData.swift in Sources */,
				576A61A92AA31F3200A10A0B /* VibeHandler.swift in Sources */,
				57EF7E382A7A813400C2A56D /* ListStyleBodyView.swift in Sources */,
				57FC99BA2A73F55E00388422 /* PageKey.swift in Sources */,
				579E2FCA2AA71220001BF603 /* NowPlayingVideoStyleView.swift in Sources */,
				5719F5DA2A6D753100CC8886 /* Color+.swift in Sources */,
				578908682AA075B5002B7CED /* SizePreferenceKey.swift in Sources */,
				570863CC2A8A9DC000B575BB /* NowPlayingLowerTimeBarView.swift in Sources */,
				57557D3C2A468D5700270F60 /* dist.swift in Sources */,
				57FC99C72A742A6C00388422 /* RowData.swift in Sources */,
				579E2FD92AA9522D001BF603 /* VideoZoomMode.swift in Sources */,
				57DFD0CE2A88CA1000080546 /* RepeatState.swift in Sources */,
				5717C9B82A61ADAE007156BA /* RowActionStyle.swift in Sources */,
				575732892A745FB100AD5AC4 /* PlayingState.swift in Sources */,
				576A61AD2AA34C3000A10A0B /* StatusModel.swift in Sources */,
				570058942A879B4300321ACB /* NowPlayingStyleBodyStackView.swift in Sources */,
				57EF7E332A7A7AD000C2A56D /* PageBodyView.swift in Sources */,
				57FC99BF2A7418A800388422 /* PageSK.swift in Sources */,
				575732872A745A3D00AD5AC4 /* RowHandlingPropertyKey.swift in Sources */,
				579E2FD12AA71F19001BF603 /* VideoBatterySymbolView.swift in Sources */,
				57C856F62A91E4590036F371 /* HeaderBatteryChargingSymbolView.swift in Sources */,
				57557D3E2A469EC200270F60 /* angle.swift in Sources */,
				578908772AA0F889002B7CED /* ListStyleBodyView_ghost.swift in Sources */,
				5717C9B52A61A58A007156BA /* PodObservable.swift in Sources */,
				579E2FC62AA60EFA001BF603 /* VideoControlState.swift in Sources */,
				57C856EA2A91A93B0036F371 /* BatteryState.swift in Sources */,
				579E2FBE2AA5AD27001BF603 /* sortRule.swift in Sources */,
				570863C52A8A328200B575BB /* NowPlayingTransitionState.swift in Sources */,
				5789086C2AA0D918002B7CED /* LibraryUpdateSymbolState.swift in Sources */,
				57867DAA2A3CCC0200129450 /* WheelView.swift in Sources */,
				57867DB72A3F2BC600129450 /* PageBodyStyle.swift in Sources */,
				576A61B32AA4B52100A10A0B /* PodObservable+(Timer).swift in Sources */,
				579E2FC82AA62BE1001BF603 /* VideoRealPlayingState.swift in Sources */,
				57EF7E3A2A7A81B100C2A56D /* PageBodyStackView.swift in Sources */,
				5774BC642AAD49F2006747EE /* VideoLoadingState.swift in Sources */,
				57EFC51E2A98C17900E26487 /* PhotoStyleBodyStackView.swift in Sources */,
				57EFC5212A98E67A00E26487 /* PhotoHandler.swift in Sources */,
				57DFD0D12A8914F500080546 /* HorizontalBarView.swift in Sources */,
				57C856EE2A91BB810036F371 /* HeaderPausedSymbolView.swift in Sources */,
				578908662AA0757D002B7CED /* View+.swift in Sources */,
				57FC99C32A7422F900388422 /* downInt.swift in Sources */,
				5719F5D72A6D6F6300CC8886 /* RowView.swift in Sources */,
				57867DA82A3CCBF600129450 /* ScreenView.swift in Sources */,
				57867D962A3CC2F100129450 /* iPodSwiftUIApp.swift in Sources */,
				57867DAF2A3F1C9E00129450 /* HeaderView.swift in Sources */,
				57C856F22A91BBDE0036F371 /* HeaderSeekingBackwardSymbolView.swift in Sources */,
				57EF7E3C2A7A96CC00C2A56D /* TransitionState.swift in Sources */,
				576A61B52AA4B58800A10A0B /* PodObservable+(Gesture).swift in Sources */,
				579E2FCD2AA71EEF001BF603 /* VideoPlayingSymbolView.swift in Sources */,
				576A61B12AA4B45800A10A0B /* PodObservable+(Transition).swift in Sources */,
			);
			runOnlyForDeploymentPostprocessing = 0;
		};
/* End PBXSourcesBuildPhase section */

/* Begin XCBuildConfiguration section */
		57867D9E2A3CC2F200129450 /* Debug */ = {
			isa = XCBuildConfiguration;
			buildSettings = {
				ALWAYS_SEARCH_USER_PATHS = NO;
				CLANG_ANALYZER_NONNULL = YES;
				CLANG_ANALYZER_NUMBER_OBJECT_CONVERSION = YES_AGGRESSIVE;
				CLANG_CXX_LANGUAGE_STANDARD = "gnu++20";
				CLANG_ENABLE_MODULES = YES;
				CLANG_ENABLE_OBJC_ARC = YES;
				CLANG_ENABLE_OBJC_WEAK = YES;
				CLANG_WARN_BLOCK_CAPTURE_AUTORELEASING = YES;
				CLANG_WARN_BOOL_CONVERSION = YES;
				CLANG_WARN_COMMA = YES;
				CLANG_WARN_CONSTANT_CONVERSION = YES;
				CLANG_WARN_DEPRECATED_OBJC_IMPLEMENTATIONS = YES;
				CLANG_WARN_DIRECT_OBJC_ISA_USAGE = YES_ERROR;
				CLANG_WARN_DOCUMENTATION_COMMENTS = YES;
				CLANG_WARN_EMPTY_BODY = YES;
				CLANG_WARN_ENUM_CONVERSION = YES;
				CLANG_WARN_INFINITE_RECURSION = YES;
				CLANG_WARN_INT_CONVERSION = YES;
				CLANG_WARN_NON_LITERAL_NULL_CONVERSION = YES;
				CLANG_WARN_OBJC_IMPLICIT_RETAIN_SELF = YES;
				CLANG_WARN_OBJC_LITERAL_CONVERSION = YES;
				CLANG_WARN_OBJC_ROOT_CLASS = YES_ERROR;
				CLANG_WARN_QUOTED_INCLUDE_IN_FRAMEWORK_HEADER = YES;
				CLANG_WARN_RANGE_LOOP_ANALYSIS = YES;
				CLANG_WARN_STRICT_PROTOTYPES = YES;
				CLANG_WARN_SUSPICIOUS_MOVE = YES;
				CLANG_WARN_UNGUARDED_AVAILABILITY = YES_AGGRESSIVE;
				CLANG_WARN_UNREACHABLE_CODE = YES;
				CLANG_WARN__DUPLICATE_METHOD_MATCH = YES;
				COPY_PHASE_STRIP = NO;
				DEBUG_INFORMATION_FORMAT = dwarf;
				ENABLE_STRICT_OBJC_MSGSEND = YES;
				ENABLE_TESTABILITY = YES;
				GCC_C_LANGUAGE_STANDARD = gnu11;
				GCC_DYNAMIC_NO_PIC = NO;
				GCC_NO_COMMON_BLOCKS = YES;
				GCC_OPTIMIZATION_LEVEL = 0;
				GCC_PREPROCESSOR_DEFINITIONS = (
					"DEBUG=1",
					"$(inherited)",
				);
				GCC_WARN_64_TO_32_BIT_CONVERSION = YES;
				GCC_WARN_ABOUT_RETURN_TYPE = YES_ERROR;
				GCC_WARN_UNDECLARED_SELECTOR = YES;
				GCC_WARN_UNINITIALIZED_AUTOS = YES_AGGRESSIVE;
				GCC_WARN_UNUSED_FUNCTION = YES;
				GCC_WARN_UNUSED_VARIABLE = YES;
				IPHONEOS_DEPLOYMENT_TARGET = 16.4;
				MTL_ENABLE_DEBUG_INFO = INCLUDE_SOURCE;
				MTL_FAST_MATH = YES;
				ONLY_ACTIVE_ARCH = YES;
				SDKROOT = iphoneos;
				SWIFT_ACTIVE_COMPILATION_CONDITIONS = DEBUG;
				SWIFT_OPTIMIZATION_LEVEL = "-Onone";
			};
			name = Debug;
		};
		57867D9F2A3CC2F200129450 /* Release */ = {
			isa = XCBuildConfiguration;
			buildSettings = {
				ALWAYS_SEARCH_USER_PATHS = NO;
				CLANG_ANALYZER_NONNULL = YES;
				CLANG_ANALYZER_NUMBER_OBJECT_CONVERSION = YES_AGGRESSIVE;
				CLANG_CXX_LANGUAGE_STANDARD = "gnu++20";
				CLANG_ENABLE_MODULES = YES;
				CLANG_ENABLE_OBJC_ARC = YES;
				CLANG_ENABLE_OBJC_WEAK = YES;
				CLANG_WARN_BLOCK_CAPTURE_AUTORELEASING = YES;
				CLANG_WARN_BOOL_CONVERSION = YES;
				CLANG_WARN_COMMA = YES;
				CLANG_WARN_CONSTANT_CONVERSION = YES;
				CLANG_WARN_DEPRECATED_OBJC_IMPLEMENTATIONS = YES;
				CLANG_WARN_DIRECT_OBJC_ISA_USAGE = YES_ERROR;
				CLANG_WARN_DOCUMENTATION_COMMENTS = YES;
				CLANG_WARN_EMPTY_BODY = YES;
				CLANG_WARN_ENUM_CONVERSION = YES;
				CLANG_WARN_INFINITE_RECURSION = YES;
				CLANG_WARN_INT_CONVERSION = YES;
				CLANG_WARN_NON_LITERAL_NULL_CONVERSION = YES;
				CLANG_WARN_OBJC_IMPLICIT_RETAIN_SELF = YES;
				CLANG_WARN_OBJC_LITERAL_CONVERSION = YES;
				CLANG_WARN_OBJC_ROOT_CLASS = YES_ERROR;
				CLANG_WARN_QUOTED_INCLUDE_IN_FRAMEWORK_HEADER = YES;
				CLANG_WARN_RANGE_LOOP_ANALYSIS = YES;
				CLANG_WARN_STRICT_PROTOTYPES = YES;
				CLANG_WARN_SUSPICIOUS_MOVE = YES;
				CLANG_WARN_UNGUARDED_AVAILABILITY = YES_AGGRESSIVE;
				CLANG_WARN_UNREACHABLE_CODE = YES;
				CLANG_WARN__DUPLICATE_METHOD_MATCH = YES;
				COPY_PHASE_STRIP = NO;
				DEBUG_INFORMATION_FORMAT = "dwarf-with-dsym";
				ENABLE_NS_ASSERTIONS = NO;
				ENABLE_STRICT_OBJC_MSGSEND = YES;
				GCC_C_LANGUAGE_STANDARD = gnu11;
				GCC_NO_COMMON_BLOCKS = YES;
				GCC_WARN_64_TO_32_BIT_CONVERSION = YES;
				GCC_WARN_ABOUT_RETURN_TYPE = YES_ERROR;
				GCC_WARN_UNDECLARED_SELECTOR = YES;
				GCC_WARN_UNINITIALIZED_AUTOS = YES_AGGRESSIVE;
				GCC_WARN_UNUSED_FUNCTION = YES;
				GCC_WARN_UNUSED_VARIABLE = YES;
				IPHONEOS_DEPLOYMENT_TARGET = 16.4;
				MTL_ENABLE_DEBUG_INFO = NO;
				MTL_FAST_MATH = YES;
				SDKROOT = iphoneos;
				SWIFT_COMPILATION_MODE = wholemodule;
				SWIFT_OPTIMIZATION_LEVEL = "-O";
				VALIDATE_PRODUCT = YES;
			};
			name = Release;
		};
		57867DA12A3CC2F200129450 /* Debug */ = {
			isa = XCBuildConfiguration;
			buildSettings = {
				ASSETCATALOG_COMPILER_APPICON_NAME = AppIcon;
				ASSETCATALOG_COMPILER_GLOBAL_ACCENT_COLOR_NAME = AccentColor;
				ASSETCATALOG_COMPILER_INCLUDE_ALL_APPICON_ASSETS = NO;
				CODE_SIGN_STYLE = Automatic;
				CURRENT_PROJECT_VERSION = 1;
				DEVELOPMENT_ASSET_PATHS = "\"iPodSwiftUI/Preview Content\"";
				DEVELOPMENT_TEAM = NM2S86642U;
				ENABLE_PREVIEWS = YES;
				GENERATE_INFOPLIST_FILE = YES;
				INFOPLIST_FILE = iPodSwiftUI/Info.plist;
				INFOPLIST_KEY_CFBundleDisplayName = PodPod;
				INFOPLIST_KEY_LSApplicationCategoryType = "public.app-category.music";
				INFOPLIST_KEY_NSAppleMusicUsageDescription = "Apple Music의 음악을 재생하려면 접근을 허용해주세요.";
				INFOPLIST_KEY_NSPhotoLibraryUsageDescription = "사진 뷰어 기능을 사용하려면 모든 사진에 대한 접근을 허용해주세요.";
				INFOPLIST_KEY_UIApplicationSceneManifest_Generation = YES;
				INFOPLIST_KEY_UIApplicationSupportsIndirectInputEvents = YES;
				INFOPLIST_KEY_UIStatusBarHidden = NO;
				INFOPLIST_KEY_UIStatusBarStyle = "";
				INFOPLIST_KEY_UISupportedInterfaceOrientations = UIInterfaceOrientationPortrait;
				INFOPLIST_KEY_UISupportedInterfaceOrientations_iPad = "UIInterfaceOrientationLandscapeLeft UIInterfaceOrientationLandscapeRight UIInterfaceOrientationPortrait UIInterfaceOrientationPortraitUpsideDown";
				LD_RUNPATH_SEARCH_PATHS = (
					"$(inherited)",
					"@executable_path/Frameworks",
				);
				MARKETING_VERSION = 1.1.8;
				PRODUCT_BUNDLE_IDENTIFIER = "com.wonil-or-not.PodPod";
				PRODUCT_NAME = "$(TARGET_NAME)";
				SUPPORTED_PLATFORMS = "iphoneos iphonesimulator";
				SUPPORTS_MACCATALYST = NO;
				SUPPORTS_MAC_DESIGNED_FOR_IPHONE_IPAD = NO;
				SWIFT_EMIT_LOC_STRINGS = YES;
				SWIFT_VERSION = 5.0;
				TARGETED_DEVICE_FAMILY = 1;
			};
			name = Debug;
		};
		57867DA22A3CC2F200129450 /* Release */ = {
			isa = XCBuildConfiguration;
			buildSettings = {
				ASSETCATALOG_COMPILER_APPICON_NAME = AppIcon;
				ASSETCATALOG_COMPILER_GLOBAL_ACCENT_COLOR_NAME = AccentColor;
				ASSETCATALOG_COMPILER_INCLUDE_ALL_APPICON_ASSETS = NO;
				CODE_SIGN_STYLE = Automatic;
				CURRENT_PROJECT_VERSION = 1;
				DEVELOPMENT_ASSET_PATHS = "\"iPodSwiftUI/Preview Content\"";
				DEVELOPMENT_TEAM = NM2S86642U;
				ENABLE_PREVIEWS = YES;
				GENERATE_INFOPLIST_FILE = YES;
				INFOPLIST_FILE = iPodSwiftUI/Info.plist;
				INFOPLIST_KEY_CFBundleDisplayName = PodPod;
				INFOPLIST_KEY_LSApplicationCategoryType = "public.app-category.music";
				INFOPLIST_KEY_NSAppleMusicUsageDescription = "Apple Music의 음악을 재생하려면 접근을 허용해주세요.";
				INFOPLIST_KEY_NSPhotoLibraryUsageDescription = "사진 뷰어 기능을 사용하려면 모든 사진에 대한 접근을 허용해주세요.";
				INFOPLIST_KEY_UIApplicationSceneManifest_Generation = YES;
				INFOPLIST_KEY_UIApplicationSupportsIndirectInputEvents = YES;
				INFOPLIST_KEY_UIStatusBarHidden = NO;
				INFOPLIST_KEY_UIStatusBarStyle = "";
				INFOPLIST_KEY_UISupportedInterfaceOrientations = UIInterfaceOrientationPortrait;
				INFOPLIST_KEY_UISupportedInterfaceOrientations_iPad = "UIInterfaceOrientationLandscapeLeft UIInterfaceOrientationLandscapeRight UIInterfaceOrientationPortrait UIInterfaceOrientationPortraitUpsideDown";
				LD_RUNPATH_SEARCH_PATHS = (
					"$(inherited)",
					"@executable_path/Frameworks",
				);
				MARKETING_VERSION = 1.1.8;
				PRODUCT_BUNDLE_IDENTIFIER = "com.wonil-or-not.PodPod";
				PRODUCT_NAME = "$(TARGET_NAME)";
				SUPPORTED_PLATFORMS = "iphoneos iphonesimulator";
				SUPPORTS_MACCATALYST = NO;
				SUPPORTS_MAC_DESIGNED_FOR_IPHONE_IPAD = NO;
				SWIFT_EMIT_LOC_STRINGS = YES;
				SWIFT_VERSION = 5.0;
				TARGETED_DEVICE_FAMILY = 1;
			};
			name = Release;
		};
/* End XCBuildConfiguration section */

/* Begin XCConfigurationList section */
		57867D8D2A3CC2F100129450 /* Build configuration list for PBXProject "PodPod" */ = {
			isa = XCConfigurationList;
			buildConfigurations = (
				57867D9E2A3CC2F200129450 /* Debug */,
				57867D9F2A3CC2F200129450 /* Release */,
			);
			defaultConfigurationIsVisible = 0;
			defaultConfigurationName = Release;
		};
		57867DA02A3CC2F200129450 /* Build configuration list for PBXNativeTarget "PodPod" */ = {
			isa = XCConfigurationList;
			buildConfigurations = (
				57867DA12A3CC2F200129450 /* Debug */,
				57867DA22A3CC2F200129450 /* Release */,
			);
			defaultConfigurationIsVisible = 0;
			defaultConfigurationName = Release;
		};
/* End XCConfigurationList section */
	};
	rootObject = 57867D8A2A3CC2F100129450 /* Project object */;
}
